
Microsoft Visual Studio Solution File, Format Version 12.00
# Visual Studio Version 16
VisualStudioVersion = 16.0.30011.22
MinimumVisualStudioVersion = 10.0.40219.1
Project("{FAE04EC0-301F-11D3-BF4B-00C04F79EFBC}") = "AZUMATICWebMail", "AZUMATICWebMail\AZUMATICWebMail.csproj", "{B3130A1C-7E2E-48D4-AB67-3BA653C28AB6}"
EndProject
Global
	GlobalSection(SolutionConfigurationPlatforms) = preSolution
		Debug|Any CPU = Debug|Any CPU
		Release|Any CPU = Release|Any CPU
	EndGlobalSection
	GlobalSection(ProjectConfigurationPlatforms) = postSolution
		{B3130A1C-7E2E-48D4-AB67-3BA653C28AB6}.Debug|Any CPU.ActiveCfg = Debug|Any CPU
		{B3130A1C-7E2E-48D4-AB67-3BA653C28AB6}.Debug|Any CPU.Build.0 = Debug|Any CPU
		{B3130A1C-7E2E-48D4-AB67-3BA653C28AB6}.Release|Any CPU.ActiveCfg = Release|Any CPU
		{B3130A1C-7E2E-48D4-AB67-3BA653C28AB6}.Release|Any CPU.Build.0 = Release|Any CPU
	EndGlobalSection
	GlobalSection(SolutionProperties) = preSolution
		HideSolutionNode = FALSE
	EndGlobalSection
	GlobalSection(ExtensibilityGlobals) = postSolution
		SolutionGuid = {5A74D219-BB45-4B3C-81D9-81D9CF730D6A}
	EndGlobalSection
	GlobalSection(TeamFoundationVersionControl) = preSolution
		SccNumberOfProjects = 2
		SccEnterpriseProvider = {4CA58AB2-18FA-4F8D-95D4-32DDF27D184C}
		SccTeamFoundationServer = https://chaudarywajid.visualstudio.com/
		SccLocalPath0 = .
		SccProjectUniqueName1 = AZUMATICWebMail\\AZUMATICWebMail.csproj
		SccProjectName1 = AZUMATICWebMail
		SccLocalPath1 = AZUMATICWebMail
	EndGlobalSection
EndGlobal
